
Microsoft Visual Studio Solution File, Format Version 11.00
# Visual Studio 2010
Project("{2150E333-8FDC-42A3-9474-1A3956D46DE8}") = "Solution Items", "Solution Items", "{1FE7867D-DB67-4B98-999A-BEDC6B51CC79}"
	ProjectSection(SolutionItems) = preProject
		BoundaryElementsMethod.vsmdi = BoundaryElementsMethod.vsmdi
		BoundaryElementsMethod1.vsmdi = BoundaryElementsMethod1.vsmdi
		Local.testsettings = Local.testsettings
		LocalTestRun.testrunconfig = LocalTestRun.testrunconfig
		TraceAndTestImpact.testsettings = TraceAndTestImpact.testsettings
	EndProjectSection
EndProject
Project("{FAE04EC0-301F-11D3-BF4B-00C04F79EFBC}") = "BoundaryElementsMethod", "BoundaryElementsMethod\BoundaryElementsMethod.csproj", "{F0F49256-4EA1-41F7-9D12-277B66A037BA}"
EndProject
Project("{FAE04EC0-301F-11D3-BF4B-00C04F79EFBC}") = "BEMTest", "BEMTest\BEMTest.csproj", "{3412C386-27C5-497F-ACB2-B633878937EC}"
EndProject
Global
	GlobalSection(TestCaseManagementSettings) = postSolution
		CategoryFile = BoundaryElementsMethod1.vsmdi
	EndGlobalSection
	GlobalSection(SolutionConfigurationPlatforms) = preSolution
		Debug|Any CPU = Debug|Any CPU
		Release|Any CPU = Release|Any CPU
	EndGlobalSection
	GlobalSection(ProjectConfigurationPlatforms) = postSolution
		{F0F49256-4EA1-41F7-9D12-277B66A037BA}.Debug|Any CPU.ActiveCfg = Debug|Any CPU
		{F0F49256-4EA1-41F7-9D12-277B66A037BA}.Debug|Any CPU.Build.0 = Debug|Any CPU
		{F0F49256-4EA1-41F7-9D12-277B66A037BA}.Release|Any CPU.ActiveCfg = Release|Any CPU
		{F0F49256-4EA1-41F7-9D12-277B66A037BA}.Release|Any CPU.Build.0 = Release|Any CPU
		{3412C386-27C5-497F-ACB2-B633878937EC}.Debug|Any CPU.ActiveCfg = Debug|Any CPU
		{3412C386-27C5-497F-ACB2-B633878937EC}.Debug|Any CPU.Build.0 = Debug|Any CPU
		{3412C386-27C5-497F-ACB2-B633878937EC}.Release|Any CPU.ActiveCfg = Release|Any CPU
		{3412C386-27C5-497F-ACB2-B633878937EC}.Release|Any CPU.Build.0 = Release|Any CPU
	EndGlobalSection
	GlobalSection(SolutionProperties) = preSolution
		HideSolutionNode = FALSE
	EndGlobalSection
EndGlobal
